{
  "name": "stalefish",
  "version": "1.1.0",
  "lockfileVersion": 1,
  "requires": true,
  "dependencies": {
    "acorn": {
      "version": "5.1.2",
      "resolved": "https://registry.npmjs.org/acorn/-/acorn-5.1.2.tgz",
      "integrity": "sha512-o96FZLJBPY1lvTuJylGA9Bk3t/GKPPJG8H0ydQQl01crzwJgspa4AEIq/pVTXigmK0PHVQhiAtn8WMBLL9D2WA=="
    },
    "axios": {
      "version": "0.17.1",
      "resolved": "https://registry.npmjs.org/axios/-/axios-0.17.1.tgz",
      "integrity": "sha1-LY4+XQvb1zJ/kbyBT1xXZg+Bgk0=",
      "requires": {
        "follow-redirects": "1.2.6",
        "is-buffer": "1.1.6"
      }
    },
    "bel": {
      "version": "5.1.5",
      "resolved": "https://registry.npmjs.org/bel/-/bel-5.1.5.tgz",
      "integrity": "sha512-t9R67SKL3lRygFqhrsHfw5w3lAi541pyQD+xdxpClTpxKN+ooW8WcqNXTysoIYQda0qu7aqJVZruwHm4WaQ8mw==",
      "requires": {
        "hyperx": "2.3.2",
        "is-electron": "2.1.0",
        "pelo": "0.0.4"
      }
    },
    "csjs": {
      "version": "1.1.0",
      "resolved": "https://registry.npmjs.org/csjs/-/csjs-1.1.0.tgz",
      "integrity": "sha1-G1dTxr2QLaJp3rNpIVWFpdjx84A="
    },
    "csjs-inject": {
      "version": "1.0.1",
      "resolved": "https://registry.npmjs.org/csjs-inject/-/csjs-inject-1.0.1.tgz",
      "integrity": "sha1-3iIRPEC0bP4X09YqAMd8nX2nUnw=",
      "requires": {
        "csjs": "1.1.0",
        "insert-css": "0.2.0"
      }
    },
    "d": {
      "version": "1.0.0",
      "resolved": "https://registry.npmjs.org/d/-/d-1.0.0.tgz",
      "integrity": "sha1-dUu1v+VUUdpppYuU1F9MWwRi1Y8=",
      "requires": {
        "es5-ext": "0.10.37"
      }
    },
    "debug": {
      "version": "3.1.0",
      "resolved": "https://registry.npmjs.org/debug/-/debug-3.1.0.tgz",
      "integrity": "sha512-OX8XqP7/1a9cqkxYw2yXss15f26NKWBpDXQd0/uK/KPqdQhxbPa994hnzjcE2VqQpDslf55723cKPUOGSmMY3g==",
      "requires": {
        "ms": "2.0.0"
      }
    },
    "deepmerge": {
      "version": "2.0.1",
      "resolved": "https://registry.npmjs.org/deepmerge/-/deepmerge-2.0.1.tgz",
      "integrity": "sha512-VIPwiMJqJ13ZQfaCsIFnp5Me9tnjURiaIFxfz7EH0Ci0dTSQpZtSLrqOicXqEd/z2r+z+Klk9GzmnRsgpgbOsQ=="
    },
    "dom-walk": {
      "version": "0.1.1",
      "resolved": "https://registry.npmjs.org/dom-walk/-/dom-walk-0.1.1.tgz",
      "integrity": "sha1-ZyIm3HTI95mtNTB9+TaroRrNYBg="
    },
    "es5-ext": {
      "version": "0.10.37",
      "resolved": "https://registry.npmjs.org/es5-ext/-/es5-ext-0.10.37.tgz",
      "integrity": "sha1-DudB0Ui4AGm6J9AgOTdWryV978M=",
      "requires": {
        "es6-iterator": "2.0.3",
        "es6-symbol": "3.1.1"
      }
    },
    "es6-iterator": {
      "version": "2.0.3",
      "resolved": "https://registry.npmjs.org/es6-iterator/-/es6-iterator-2.0.3.tgz",
      "integrity": "sha1-p96IkUGgWpSwhUQDstCg+/qY87c=",
      "requires": {
        "d": "1.0.0",
        "es5-ext": "0.10.37",
        "es6-symbol": "3.1.1"
      }
    },
    "es6-symbol": {
      "version": "3.1.1",
      "resolved": "https://registry.npmjs.org/es6-symbol/-/es6-symbol-3.1.1.tgz",
      "integrity": "sha1-vwDvT9q2uhtG7Le2KbTH7VcVzHc=",
      "requires": {
        "d": "1.0.0",
        "es5-ext": "0.10.37"
      }
    },
    "event-emitter": {
      "version": "0.3.5",
      "resolved": "https://registry.npmjs.org/event-emitter/-/event-emitter-0.3.5.tgz",
      "integrity": "sha1-34xp7vFkeSPHFXuc6DhAYQsCzDk=",
      "requires": {
        "d": "1.0.0",
        "es5-ext": "0.10.37"
      }
    },
    "follow-redirects": {
      "version": "1.2.6",
      "resolved": "https://registry.npmjs.org/follow-redirects/-/follow-redirects-1.2.6.tgz",
      "integrity": "sha512-FrMqZ/FONtHnbqO651UPpfRUVukIEwJhXMfdr/JWAmrDbeYBu773b1J6gdWDyRIj4hvvzQEHoEOTrdR8o6KLYA==",
      "requires": {
        "debug": "3.1.0"
      }
    },
    "global": {
      "version": "4.3.2",
      "resolved": "https://registry.npmjs.org/global/-/global-4.3.2.tgz",
      "integrity": "sha1-52mJJopsdMOJCLEwWxD8DjlOnQ8=",
      "requires": {
        "min-document": "2.19.0",
        "process": "0.5.2"
      }
    },
    "halfcab": {
      "version": "6.3.0",
      "resolved": "https://registry.npmjs.org/halfcab/-/halfcab-6.3.0.tgz",
      "integrity": "sha512-Zjf6gFed8wSFta8rU+Y6BIHADThu40JVreY2kQDwcX53esnvCO6HreIrl9ONyBZmJVHEah8pncocGoqGbXSnzw==",
      "requires": {
        "axios": "0.17.1",
        "bel": "5.1.5",
        "csjs-inject": "1.0.1",
        "deepmerge": "2.0.1",
        "event-emitter": "0.3.5",
        "html-entities": "1.2.1",
        "marked": "0.3.6",
        "nanomorph": "5.1.3",
        "qs": "6.5.1",
        "reify": "0.12.3",
        "shifty-router": "0.1.0"
      }
    },
    "html-entities": {
      "version": "1.2.1",
      "resolved": "https://registry.npmjs.org/html-entities/-/html-entities-1.2.1.tgz",
      "integrity": "sha1-DfKTUfByEWNRXfueVUPl9u7VFi8="
    },
    "hyperscript-attribute-to-property": {
      "version": "1.0.0",
      "resolved": "https://registry.npmjs.org/hyperscript-attribute-to-property/-/hyperscript-attribute-to-property-1.0.0.tgz",
      "integrity": "sha1-glMI1Ju44pV5I/cxmBvMgRytev8="
    },
    "hyperx": {
      "version": "2.3.2",
      "resolved": "https://registry.npmjs.org/hyperx/-/hyperx-2.3.2.tgz",
      "integrity": "sha512-fYFJn0kVMHpkLJKzqGXfs0+p26NH0R3PsLWQGZ5Enbp1jcyEK9U9uJGnsRKPgBCoQ6bVzkV+srwHVFc2+pHfYQ==",
      "requires": {
        "hyperscript-attribute-to-property": "1.0.0"
      }
    },
    "insert-css": {
      "version": "0.2.0",
      "resolved": "https://registry.npmjs.org/insert-css/-/insert-css-0.2.0.tgz",
      "integrity": "sha1-0VeJlxZi2YmcKJd/tiINU4HSRRo="
    },
    "is-buffer": {
      "version": "1.1.6",
      "resolved": "https://registry.npmjs.org/is-buffer/-/is-buffer-1.1.6.tgz",
      "integrity": "sha512-NcdALwpXkTm5Zvvbk7owOUSvVvBKDgKP5/ewfXEznmQFfs4ZRmanOeKBTjRVjka3QFoN6XJ+9F3USqfHqTaU5w=="
    },
    "is-electron": {
      "version": "2.1.0",
      "resolved": "https://registry.npmjs.org/is-electron/-/is-electron-2.1.0.tgz",
      "integrity": "sha512-dkg5xT383+M6zIbbXW/z7n2nz4SFUi2OSyhntnFYkRdtV+HVEfdjEK+5AWisfYgkpe3WYjTIuh7toaKmSfFVWw=="
    },
    "marked": {
      "version": "0.3.6",
      "resolved": "https://registry.npmjs.org/marked/-/marked-0.3.6.tgz",
      "integrity": "sha1-ssbGGPzOzk74bE/Gy4p8v1rtqNc="
    },
    "min-document": {
      "version": "2.19.0",
      "resolved": "https://registry.npmjs.org/min-document/-/min-document-2.19.0.tgz",
      "integrity": "sha1-e9KC4/WELtKVu3SM3Z8f+iyCRoU=",
      "requires": {
        "dom-walk": "0.1.1"
      }
    },
    "minipass": {
      "version": "2.2.1",
      "resolved": "https://registry.npmjs.org/minipass/-/minipass-2.2.1.tgz",
      "integrity": "sha512-u1aUllxPJUI07cOqzR7reGmQxmCqlH88uIIsf6XZFEWgw7gXKpJdR+5R9Y3KEDmWYkdIz9wXZs3C0jOPxejk/Q==",
      "requires": {
        "yallist": "3.0.2"
      }
    },
    "minizlib": {
      "version": "1.0.4",
      "resolved": "https://registry.npmjs.org/minizlib/-/minizlib-1.0.4.tgz",
      "integrity": "sha512-sN4U9tIJtBRwKbwgFh9qJfrPIQ/GGTRr1MGqkgOeMTLy8/lM0FcWU//FqlnZ3Vb7gJ+Mxh3FOg1EklibdajbaQ==",
      "requires": {
        "minipass": "2.2.1"
      }
    },
    "ms": {
      "version": "2.0.0",
      "resolved": "https://registry.npmjs.org/ms/-/ms-2.0.0.tgz",
      "integrity": "sha1-VgiurfwAvmwpAd9fmGF4jeDVl8g="
    },
    "nanoassert": {
      "version": "1.1.0",
      "resolved": "https://registry.npmjs.org/nanoassert/-/nanoassert-1.1.0.tgz",
      "integrity": "sha1-TzFS4JVA/eKMdvRLGbvNHVpCR40="
    },
    "nanomorph": {
      "version": "5.1.3",
      "resolved": "https://registry.npmjs.org/nanomorph/-/nanomorph-5.1.3.tgz",
      "integrity": "sha512-VydkKjFWU/DAO0R10awFASRNXQKHrZUMdMIiNcdmWm+IhuifuPOw/dDtpiQ1cNROF8f3ATPrcKRVarEayQJOqA==",
      "requires": {
        "nanoassert": "1.1.0"
      }
    },
    "pelo": {
      "version": "0.0.4",
      "resolved": "https://registry.npmjs.org/pelo/-/pelo-0.0.4.tgz",
      "integrity": "sha1-yjDI1ZpmnTtDptFMKGgcohtgSw8="
    },
    "process": {
      "version": "0.5.2",
      "resolved": "https://registry.npmjs.org/process/-/process-0.5.2.tgz",
      "integrity": "sha1-FjjYqONML0QKkduVq5rrZ3/Bhc8="
    },
    "qs": {
      "version": "6.5.1",
      "resolved": "https://registry.npmjs.org/qs/-/qs-6.5.1.tgz",
      "integrity": "sha512-eRzhrN1WSINYCDCbrz796z37LOe3m5tmW7RQf6oBntukAG1nmovJvhnwHHRMAfeoItc1m2Hk02WER2aQ/iqs+A=="
    },
    "reify": {
      "version": "0.12.3",
      "resolved": "https://registry.npmjs.org/reify/-/reify-0.12.3.tgz",
      "integrity": "sha512-s13k0kuZbhBzeRoJQGomWnLj2y10wK3FYXRXbZoydowAMmY0jTiFN98TgLkaE8uZkVCaoq3djnDo7mksWLsx4g==",
      "requires": {
        "acorn": "5.1.2",
        "minizlib": "1.0.4",
        "semver": "5.4.1"
      }
    },
    "semver": {
      "version": "5.4.1",
      "resolved": "https://registry.npmjs.org/semver/-/semver-5.4.1.tgz",
      "integrity": "sha512-WfG/X9+oATh81XtllIo/I8gOiY9EXRdv1cQdyykeXK17YcUW3EXUAi2To4pcH6nZtJPr7ZOpM5OMyWJZm+8Rsg=="
    },
    "shifty-router": {
      "version": "0.1.0",
      "resolved": "https://registry.npmjs.org/shifty-router/-/shifty-router-0.1.0.tgz",
      "integrity": "sha512-KT7npvBdo6EhOmHEF9AgPnaF5PDC6yV0N7wIRcpx7PwEys0RX4hNBbI1Mi9FFDBPXqAZjYFKNo2fFbB2q32HEw==",
      "requires": {
        "global": "4.3.2",
        "wayfarer": "6.6.2",
        "xtend": "4.0.1"
      }
    },
    "wayfarer": {
      "version": "6.6.2",
      "resolved": "https://registry.npmjs.org/wayfarer/-/wayfarer-6.6.2.tgz",
      "integrity": "sha512-jwIufUN6EYfMeCJYBA8r0YytqHaSGACLtOddMeBtdq5gTo2F2XgK+t7eEXSPUBF9vm+hdI/iPOtSz1EJOd01dQ==",
      "requires": {
        "xtend": "4.0.1"
      }
    },
    "xtend": {
      "version": "4.0.1",
      "resolved": "https://registry.npmjs.org/xtend/-/xtend-4.0.1.tgz",
      "integrity": "sha1-pcbVMr5lbiPbgg77lDofBJmNY68="
    },
    "yallist": {
      "version": "3.0.2",
      "resolved": "https://registry.npmjs.org/yallist/-/yallist-3.0.2.tgz",
      "integrity": "sha1-hFK0u36Dx8GI2AQcGoN8dz1ti7k="
    }
  }
}
